
Microsoft Visual Studio Solution File, Format Version 12.00
# Visual Studio Version 17
VisualStudioVersion = 17.0.31903.59
MinimumVisualStudioVersion = 10.0.40219.1
Project("{9A19103F-16F7-4668-BE54-9A1E7A4F7556}") = "CashFlowControl.Application", "CashFlowControl.Shared\CashFlowControl.Application\CashFlowControl.Application.csproj", "{1A3D2CED-E0B4-40E1-A99D-EF1D2AA2A001}"
EndProject
Project("{9A19103F-16F7-4668-BE54-9A1E7A4F7556}") = "CashFlowControl.Core", "CashFlowControl.Shared\CashFlowControl.Core\CashFlowControl.Core.csproj", "{9FE1C9BA-EDBB-43CD-AD80-0D7B05401C71}"
EndProject
Project("{9A19103F-16F7-4668-BE54-9A1E7A4F7556}") = "CashFlowControl.Infrastructure", "CashFlowControl.Shared\CashFlowControl.Infrastructure\CashFlowControl.Infrastructure.csproj", "{E17262EB-8D5E-4899-BD70-76261C937A45}"
EndProject
Project("{9A19103F-16F7-4668-BE54-9A1E7A4F7556}") = "DailySummaryService", "..\CashFlowControl.DailySummaryService\DailySummaryService\DailySummaryService.csproj", "{25547DEC-396D-4E30-AD52-8B1455CA7B39}"
EndProject
Project("{9A19103F-16F7-4668-BE54-9A1E7A4F7556}") = "TransactionsService", "..\CashFlowControl.TransactionsService\TransactionsService\TransactionsService.csproj", "{9387866B-5799-4A8F-8F19-58CBD1CADDF0}"
EndProject
Global
	GlobalSection(SolutionConfigurationPlatforms) = preSolution
		Debug|Any CPU = Debug|Any CPU
		Release|Any CPU = Release|Any CPU
	EndGlobalSection
	GlobalSection(ProjectConfigurationPlatforms) = postSolution
		{1A3D2CED-E0B4-40E1-A99D-EF1D2AA2A001}.Debug|Any CPU.ActiveCfg = Debug|Any CPU
		{1A3D2CED-E0B4-40E1-A99D-EF1D2AA2A001}.Debug|Any CPU.Build.0 = Debug|Any CPU
		{1A3D2CED-E0B4-40E1-A99D-EF1D2AA2A001}.Release|Any CPU.ActiveCfg = Release|Any CPU
		{1A3D2CED-E0B4-40E1-A99D-EF1D2AA2A001}.Release|Any CPU.Build.0 = Release|Any CPU
		{9FE1C9BA-EDBB-43CD-AD80-0D7B05401C71}.Debug|Any CPU.ActiveCfg = Debug|Any CPU
		{9FE1C9BA-EDBB-43CD-AD80-0D7B05401C71}.Debug|Any CPU.Build.0 = Debug|Any CPU
		{9FE1C9BA-EDBB-43CD-AD80-0D7B05401C71}.Release|Any CPU.ActiveCfg = Release|Any CPU
		{9FE1C9BA-EDBB-43CD-AD80-0D7B05401C71}.Release|Any CPU.Build.0 = Release|Any CPU
		{E17262EB-8D5E-4899-BD70-76261C937A45}.Debug|Any CPU.ActiveCfg = Debug|Any CPU
		{E17262EB-8D5E-4899-BD70-76261C937A45}.Debug|Any CPU.Build.0 = Debug|Any CPU
		{E17262EB-8D5E-4899-BD70-76261C937A45}.Release|Any CPU.ActiveCfg = Release|Any CPU
		{E17262EB-8D5E-4899-BD70-76261C937A45}.Release|Any CPU.Build.0 = Release|Any CPU
		{25547DEC-396D-4E30-AD52-8B1455CA7B39}.Debug|Any CPU.ActiveCfg = Debug|Any CPU
		{25547DEC-396D-4E30-AD52-8B1455CA7B39}.Debug|Any CPU.Build.0 = Debug|Any CPU
		{25547DEC-396D-4E30-AD52-8B1455CA7B39}.Release|Any CPU.ActiveCfg = Release|Any CPU
		{25547DEC-396D-4E30-AD52-8B1455CA7B39}.Release|Any CPU.Build.0 = Release|Any CPU
		{9387866B-5799-4A8F-8F19-58CBD1CADDF0}.Debug|Any CPU.ActiveCfg = Debug|Any CPU
		{9387866B-5799-4A8F-8F19-58CBD1CADDF0}.Debug|Any CPU.Build.0 = Debug|Any CPU
		{9387866B-5799-4A8F-8F19-58CBD1CADDF0}.Release|Any CPU.ActiveCfg = Release|Any CPU
		{9387866B-5799-4A8F-8F19-58CBD1CADDF0}.Release|Any CPU.Build.0 = Release|Any CPU
	EndGlobalSection
	GlobalSection(SolutionProperties) = preSolution
		HideSolutionNode = FALSE
	EndGlobalSection
	GlobalSection(ExtensibilityGlobals) = postSolution
		SolutionGuid = {77F30E10-D1BC-4A46-9A58-A3F0AC4D42B2}
	EndGlobalSection
EndGlobal
